
Microsoft Visual Studio Solution File, Format Version 12.00
# Visual Studio Version 16
VisualStudioVersion = 16.0.30907.101
MinimumVisualStudioVersion = 10.0.40219.1
Project("{9A19103F-16F7-4668-BE54-9A1E7A4F7556}") = "Kampİntro2", "Kampİntro2\Kampİntro2.csproj", "{E460C9D9-7038-43E2-84F5-70FD14818045}"
EndProject
Project("{9A19103F-16F7-4668-BE54-9A1E7A4F7556}") = "Donguler", "Donguler\Donguler.csproj", "{D11DB027-4FA9-401E-A9E3-62ED267BB5E8}"
EndProject
Project("{9A19103F-16F7-4668-BE54-9A1E7A4F7556}") = "Classİntro", "Classİntro\Classİntro.csproj", "{469AE979-837A-4D14-87C3-FB7A395017D4}"
EndProject
Project("{9A19103F-16F7-4668-BE54-9A1E7A4F7556}") = "Metotlar1", "Metotlar1\Metotlar1.csproj", "{56AB9854-56BF-4B64-AA09-9DB2F04D39C4}"
EndProject
Project("{9A19103F-16F7-4668-BE54-9A1E7A4F7556}") = "Matematik", "Matematik\Matematik.csproj", "{7D937CB9-1483-4F2D-80F4-E7010A6E9276}"
EndProject
Project("{9A19103F-16F7-4668-BE54-9A1E7A4F7556}") = "DegerVeReferansTipler", "DegerVeReferansTipler\DegerVeReferansTipler.csproj", "{01B7E72A-B0F5-4FB2-AB17-57201265D441}"
EndProject
Project("{9A19103F-16F7-4668-BE54-9A1E7A4F7556}") = "ClassMetotDemo", "ClassMetotDemo\ClassMetotDemo.csproj", "{BBCEC310-7371-4DCF-9B26-10F1C1DB3998}"
EndProject
Project("{9A19103F-16F7-4668-BE54-9A1E7A4F7556}") = "OOP1", "OOP1\OOP1.csproj", "{2948A776-AD69-44B7-99A1-2D17571A6AD2}"
EndProject
Project("{9A19103F-16F7-4668-BE54-9A1E7A4F7556}") = "Koleksiyonlar", "Koleksiyonlar\Koleksiyonlar.csproj", "{CBD65AA2-AA91-4B15-9A83-850F5FFD486A}"
EndProject
Project("{9A19103F-16F7-4668-BE54-9A1E7A4F7556}") = "Genericsİntro", "Genericsİntro\Genericsİntro.csproj", "{FEAF7527-5776-4AB7-9E68-3C095FA74168}"
EndProject
Project("{9A19103F-16F7-4668-BE54-9A1E7A4F7556}") = "MyDictionary", "MyDictionary\MyDictionary.csproj", "{1CC013C7-76C2-4159-9C7F-9B834C040C93}"
EndProject
Project("{9A19103F-16F7-4668-BE54-9A1E7A4F7556}") = "OOP2", "OOP2\OOP2.csproj", "{5596815C-733B-4748-8DEA-3842A940194C}"
EndProject
Project("{9A19103F-16F7-4668-BE54-9A1E7A4F7556}") = "OOP3", "OOP3\OOP3.csproj", "{12E2B4F4-54E0-430F-87A5-A3F6325236EC}"
EndProject
Project("{9A19103F-16F7-4668-BE54-9A1E7A4F7556}") = "Interfaces", "Interfaces\Interfaces.csproj", "{252E75BB-82AD-4EFE-85C2-A37D646822F5}"
EndProject
Project("{9A19103F-16F7-4668-BE54-9A1E7A4F7556}") = "Classes", "Classes\Classes.csproj", "{4EB32D8E-6AE4-4569-ACB3-356C914F88AB}"
EndProject
Project("{FAE04EC0-301F-11D3-BF4B-00C04F79EFBC}") = "RecapDemo2", "RecapDemo2\RecapDemo2.csproj", "{DE3DC2DD-E6AE-4F75-A7FE-39FFFA5D21B2}"
EndProject
Project("{FAE04EC0-301F-11D3-BF4B-00C04F79EFBC}") = "Interfaces1", "Interfaces1\Interfaces1.csproj", "{C5E1688E-F34B-4C6E-A9FF-06CD8C34CB0F}"
EndProject
Project("{FAE04EC0-301F-11D3-BF4B-00C04F79EFBC}") = "InterfacesDemo", "InterfacesDemo\InterfacesDemo.csproj", "{1BD544FB-1CF8-49AB-B43D-17F6A430B2C2}"
EndProject
Project("{FAE04EC0-301F-11D3-BF4B-00C04F79EFBC}") = "Inheritance", "Inheritance\Inheritance.csproj", "{DA2361AF-9977-4727-9104-16F56A0E9763}"
EndProject
Project("{FAE04EC0-301F-11D3-BF4B-00C04F79EFBC}") = "InterfaceAbstractDemo", "InterfaceAbstractDemo\InterfaceAbstractDemo.csproj", "{8F03B8BB-7C2D-4F24-80DA-B15E1098E342}"
EndProject
Global
	GlobalSection(SolutionConfigurationPlatforms) = preSolution
		Debug|Any CPU = Debug|Any CPU
		Release|Any CPU = Release|Any CPU
	EndGlobalSection
	GlobalSection(ProjectConfigurationPlatforms) = postSolution
		{E460C9D9-7038-43E2-84F5-70FD14818045}.Debug|Any CPU.ActiveCfg = Debug|Any CPU
		{E460C9D9-7038-43E2-84F5-70FD14818045}.Debug|Any CPU.Build.0 = Debug|Any CPU
		{E460C9D9-7038-43E2-84F5-70FD14818045}.Release|Any CPU.ActiveCfg = Release|Any CPU
		{E460C9D9-7038-43E2-84F5-70FD14818045}.Release|Any CPU.Build.0 = Release|Any CPU
		{D11DB027-4FA9-401E-A9E3-62ED267BB5E8}.Debug|Any CPU.ActiveCfg = Debug|Any CPU
		{D11DB027-4FA9-401E-A9E3-62ED267BB5E8}.Debug|Any CPU.Build.0 = Debug|Any CPU
		{D11DB027-4FA9-401E-A9E3-62ED267BB5E8}.Release|Any CPU.ActiveCfg = Release|Any CPU
		{D11DB027-4FA9-401E-A9E3-62ED267BB5E8}.Release|Any CPU.Build.0 = Release|Any CPU
		{469AE979-837A-4D14-87C3-FB7A395017D4}.Debug|Any CPU.ActiveCfg = Debug|Any CPU
		{469AE979-837A-4D14-87C3-FB7A395017D4}.Debug|Any CPU.Build.0 = Debug|Any CPU
		{469AE979-837A-4D14-87C3-FB7A395017D4}.Release|Any CPU.ActiveCfg = Release|Any CPU
		{469AE979-837A-4D14-87C3-FB7A395017D4}.Release|Any CPU.Build.0 = Release|Any CPU
		{56AB9854-56BF-4B64-AA09-9DB2F04D39C4}.Debug|Any CPU.ActiveCfg = Debug|Any CPU
		{56AB9854-56BF-4B64-AA09-9DB2F04D39C4}.Debug|Any CPU.Build.0 = Debug|Any CPU
		{56AB9854-56BF-4B64-AA09-9DB2F04D39C4}.Release|Any CPU.ActiveCfg = Release|Any CPU
		{56AB9854-56BF-4B64-AA09-9DB2F04D39C4}.Release|Any CPU.Build.0 = Release|Any CPU
		{7D937CB9-1483-4F2D-80F4-E7010A6E9276}.Debug|Any CPU.ActiveCfg = Debug|Any CPU
		{7D937CB9-1483-4F2D-80F4-E7010A6E9276}.Debug|Any CPU.Build.0 = Debug|Any CPU
		{7D937CB9-1483-4F2D-80F4-E7010A6E9276}.Release|Any CPU.ActiveCfg = Release|Any CPU
		{7D937CB9-1483-4F2D-80F4-E7010A6E9276}.Release|Any CPU.Build.0 = Release|Any CPU
		{01B7E72A-B0F5-4FB2-AB17-57201265D441}.Debug|Any CPU.ActiveCfg = Debug|Any CPU
		{01B7E72A-B0F5-4FB2-AB17-57201265D441}.Debug|Any CPU.Build.0 = Debug|Any CPU
		{01B7E72A-B0F5-4FB2-AB17-57201265D441}.Release|Any CPU.ActiveCfg = Release|Any CPU
		{01B7E72A-B0F5-4FB2-AB17-57201265D441}.Release|Any CPU.Build.0 = Release|Any CPU
		{BBCEC310-7371-4DCF-9B26-10F1C1DB3998}.Debug|Any CPU.ActiveCfg = Debug|Any CPU
		{BBCEC310-7371-4DCF-9B26-10F1C1DB3998}.Debug|Any CPU.Build.0 = Debug|Any CPU
		{BBCEC310-7371-4DCF-9B26-10F1C1DB3998}.Release|Any CPU.ActiveCfg = Release|Any CPU
		{BBCEC310-7371-4DCF-9B26-10F1C1DB3998}.Release|Any CPU.Build.0 = Release|Any CPU
		{2948A776-AD69-44B7-99A1-2D17571A6AD2}.Debug|Any CPU.ActiveCfg = Debug|Any CPU
		{2948A776-AD69-44B7-99A1-2D17571A6AD2}.Debug|Any CPU.Build.0 = Debug|Any CPU
		{2948A776-AD69-44B7-99A1-2D17571A6AD2}.Release|Any CPU.ActiveCfg = Release|Any CPU
		{2948A776-AD69-44B7-99A1-2D17571A6AD2}.Release|Any CPU.Build.0 = Release|Any CPU
		{CBD65AA2-AA91-4B15-9A83-850F5FFD486A}.Debug|Any CPU.ActiveCfg = Debug|Any CPU
		{CBD65AA2-AA91-4B15-9A83-850F5FFD486A}.Debug|Any CPU.Build.0 = Debug|Any CPU
		{CBD65AA2-AA91-4B15-9A83-850F5FFD486A}.Release|Any CPU.ActiveCfg = Release|Any CPU
		{CBD65AA2-AA91-4B15-9A83-850F5FFD486A}.Release|Any CPU.Build.0 = Release|Any CPU
		{FEAF7527-5776-4AB7-9E68-3C095FA74168}.Debug|Any CPU.ActiveCfg = Debug|Any CPU
		{FEAF7527-5776-4AB7-9E68-3C095FA74168}.Debug|Any CPU.Build.0 = Debug|Any CPU
		{FEAF7527-5776-4AB7-9E68-3C095FA74168}.Release|Any CPU.ActiveCfg = Release|Any CPU
		{FEAF7527-5776-4AB7-9E68-3C095FA74168}.Release|Any CPU.Build.0 = Release|Any CPU
		{1CC013C7-76C2-4159-9C7F-9B834C040C93}.Debug|Any CPU.ActiveCfg = Debug|Any CPU
		{1CC013C7-76C2-4159-9C7F-9B834C040C93}.Debug|Any CPU.Build.0 = Debug|Any CPU
		{1CC013C7-76C2-4159-9C7F-9B834C040C93}.Release|Any CPU.ActiveCfg = Release|Any CPU
		{1CC013C7-76C2-4159-9C7F-9B834C040C93}.Release|Any CPU.Build.0 = Release|Any CPU
		{5596815C-733B-4748-8DEA-3842A940194C}.Debug|Any CPU.ActiveCfg = Debug|Any CPU
		{5596815C-733B-4748-8DEA-3842A940194C}.Debug|Any CPU.Build.0 = Debug|Any CPU
		{5596815C-733B-4748-8DEA-3842A940194C}.Release|Any CPU.ActiveCfg = Release|Any CPU
		{5596815C-733B-4748-8DEA-3842A940194C}.Release|Any CPU.Build.0 = Release|Any CPU
		{12E2B4F4-54E0-430F-87A5-A3F6325236EC}.Debug|Any CPU.ActiveCfg = Debug|Any CPU
		{12E2B4F4-54E0-430F-87A5-A3F6325236EC}.Debug|Any CPU.Build.0 = Debug|Any CPU
		{12E2B4F4-54E0-430F-87A5-A3F6325236EC}.Release|Any CPU.ActiveCfg = Release|Any CPU
		{12E2B4F4-54E0-430F-87A5-A3F6325236EC}.Release|Any CPU.Build.0 = Release|Any CPU
		{252E75BB-82AD-4EFE-85C2-A37D646822F5}.Debug|Any CPU.ActiveCfg = Debug|Any CPU
		{252E75BB-82AD-4EFE-85C2-A37D646822F5}.Debug|Any CPU.Build.0 = Debug|Any CPU
		{252E75BB-82AD-4EFE-85C2-A37D646822F5}.Release|Any CPU.ActiveCfg = Release|Any CPU
		{252E75BB-82AD-4EFE-85C2-A37D646822F5}.Release|Any CPU.Build.0 = Release|Any CPU
		{4EB32D8E-6AE4-4569-ACB3-356C914F88AB}.Debug|Any CPU.ActiveCfg = Debug|Any CPU
		{4EB32D8E-6AE4-4569-ACB3-356C914F88AB}.Debug|Any CPU.Build.0 = Debug|Any CPU
		{4EB32D8E-6AE4-4569-ACB3-356C914F88AB}.Release|Any CPU.ActiveCfg = Release|Any CPU
		{4EB32D8E-6AE4-4569-ACB3-356C914F88AB}.Release|Any CPU.Build.0 = Release|Any CPU
		{DE3DC2DD-E6AE-4F75-A7FE-39FFFA5D21B2}.Debug|Any CPU.ActiveCfg = Debug|Any CPU
		{DE3DC2DD-E6AE-4F75-A7FE-39FFFA5D21B2}.Debug|Any CPU.Build.0 = Debug|Any CPU
		{DE3DC2DD-E6AE-4F75-A7FE-39FFFA5D21B2}.Release|Any CPU.ActiveCfg = Release|Any CPU
		{DE3DC2DD-E6AE-4F75-A7FE-39FFFA5D21B2}.Release|Any CPU.Build.0 = Release|Any CPU
		{C5E1688E-F34B-4C6E-A9FF-06CD8C34CB0F}.Debug|Any CPU.ActiveCfg = Debug|Any CPU
		{C5E1688E-F34B-4C6E-A9FF-06CD8C34CB0F}.Debug|Any CPU.Build.0 = Debug|Any CPU
		{C5E1688E-F34B-4C6E-A9FF-06CD8C34CB0F}.Release|Any CPU.ActiveCfg = Release|Any CPU
		{C5E1688E-F34B-4C6E-A9FF-06CD8C34CB0F}.Release|Any CPU.Build.0 = Release|Any CPU
		{1BD544FB-1CF8-49AB-B43D-17F6A430B2C2}.Debug|Any CPU.ActiveCfg = Debug|Any CPU
		{1BD544FB-1CF8-49AB-B43D-17F6A430B2C2}.Debug|Any CPU.Build.0 = Debug|Any CPU
		{1BD544FB-1CF8-49AB-B43D-17F6A430B2C2}.Release|Any CPU.ActiveCfg = Release|Any CPU
		{1BD544FB-1CF8-49AB-B43D-17F6A430B2C2}.Release|Any CPU.Build.0 = Release|Any CPU
		{DA2361AF-9977-4727-9104-16F56A0E9763}.Debug|Any CPU.ActiveCfg = Debug|Any CPU
		{DA2361AF-9977-4727-9104-16F56A0E9763}.Debug|Any CPU.Build.0 = Debug|Any CPU
		{DA2361AF-9977-4727-9104-16F56A0E9763}.Release|Any CPU.ActiveCfg = Release|Any CPU
		{DA2361AF-9977-4727-9104-16F56A0E9763}.Release|Any CPU.Build.0 = Release|Any CPU
		{8F03B8BB-7C2D-4F24-80DA-B15E1098E342}.Debug|Any CPU.ActiveCfg = Debug|Any CPU
		{8F03B8BB-7C2D-4F24-80DA-B15E1098E342}.Debug|Any CPU.Build.0 = Debug|Any CPU
		{8F03B8BB-7C2D-4F24-80DA-B15E1098E342}.Release|Any CPU.ActiveCfg = Release|Any CPU
		{8F03B8BB-7C2D-4F24-80DA-B15E1098E342}.Release|Any CPU.Build.0 = Release|Any CPU
	EndGlobalSection
	GlobalSection(SolutionProperties) = preSolution
		HideSolutionNode = FALSE
	EndGlobalSection
	GlobalSection(ExtensibilityGlobals) = postSolution
		SolutionGuid = {E07276A2-4E21-4723-8723-EFFFCE73B769}
	EndGlobalSection
EndGlobal
