
Microsoft Visual Studio Solution File, Format Version 12.00
# Visual Studio Version 16
VisualStudioVersion = 16.0.30907.101
MinimumVisualStudioVersion = 10.0.40219.1
Project("{9A19103F-16F7-4668-BE54-9A1E7A4F7556}") = "Kampİntro2", "Kampİntro2\Kampİntro2.csproj", "{E460C9D9-7038-43E2-84F5-70FD14818045}"
EndProject
Project("{9A19103F-16F7-4668-BE54-9A1E7A4F7556}") = "Donguler", "Donguler\Donguler.csproj", "{D11DB027-4FA9-401E-A9E3-62ED267BB5E8}"
EndProject
Project("{9A19103F-16F7-4668-BE54-9A1E7A4F7556}") = "Classİntro", "Classİntro\Classİntro.csproj", "{469AE979-837A-4D14-87C3-FB7A395017D4}"
EndProject
Project("{9A19103F-16F7-4668-BE54-9A1E7A4F7556}") = "Metotlar1", "Metotlar1\Metotlar1.csproj", "{56AB9854-56BF-4B64-AA09-9DB2F04D39C4}"
EndProject
Project("{9A19103F-16F7-4668-BE54-9A1E7A4F7556}") = "Matematik", "Matematik\Matematik.csproj", "{7D937CB9-1483-4F2D-80F4-E7010A6E9276}"
EndProject
Project("{9A19103F-16F7-4668-BE54-9A1E7A4F7556}") = "DegerVeReferansTipler", "DegerVeReferansTipler\DegerVeReferansTipler.csproj", "{01B7E72A-B0F5-4FB2-AB17-57201265D441}"
EndProject
Project("{FAE04EC0-301F-11D3-BF4B-00C04F79EFBC}") = "ClassMetotDemo", "ClassMetotDemo\ClassMetotDemo.csproj", "{BBCEC310-7371-4DCF-9B26-10F1C1DB3998}"
EndProject
Project("{FAE04EC0-301F-11D3-BF4B-00C04F79EFBC}") = "OOP1", "OOP1\OOP1.csproj", "{2948A776-AD69-44B7-99A1-2D17571A6AD2}"
EndProject
Global
	GlobalSection(SolutionConfigurationPlatforms) = preSolution
		Debug|Any CPU = Debug|Any CPU
		Release|Any CPU = Release|Any CPU
	EndGlobalSection
	GlobalSection(ProjectConfigurationPlatforms) = postSolution
		{E460C9D9-7038-43E2-84F5-70FD14818045}.Debug|Any CPU.ActiveCfg = Debug|Any CPU
		{E460C9D9-7038-43E2-84F5-70FD14818045}.Debug|Any CPU.Build.0 = Debug|Any CPU
		{E460C9D9-7038-43E2-84F5-70FD14818045}.Release|Any CPU.ActiveCfg = Release|Any CPU
		{E460C9D9-7038-43E2-84F5-70FD14818045}.Release|Any CPU.Build.0 = Release|Any CPU
		{D11DB027-4FA9-401E-A9E3-62ED267BB5E8}.Debug|Any CPU.ActiveCfg = Debug|Any CPU
		{D11DB027-4FA9-401E-A9E3-62ED267BB5E8}.Debug|Any CPU.Build.0 = Debug|Any CPU
		{D11DB027-4FA9-401E-A9E3-62ED267BB5E8}.Release|Any CPU.ActiveCfg = Release|Any CPU
		{D11DB027-4FA9-401E-A9E3-62ED267BB5E8}.Release|Any CPU.Build.0 = Release|Any CPU
		{469AE979-837A-4D14-87C3-FB7A395017D4}.Debug|Any CPU.ActiveCfg = Debug|Any CPU
		{469AE979-837A-4D14-87C3-FB7A395017D4}.Debug|Any CPU.Build.0 = Debug|Any CPU
		{469AE979-837A-4D14-87C3-FB7A395017D4}.Release|Any CPU.ActiveCfg = Release|Any CPU
		{469AE979-837A-4D14-87C3-FB7A395017D4}.Release|Any CPU.Build.0 = Release|Any CPU
		{56AB9854-56BF-4B64-AA09-9DB2F04D39C4}.Debug|Any CPU.ActiveCfg = Debug|Any CPU
		{56AB9854-56BF-4B64-AA09-9DB2F04D39C4}.Debug|Any CPU.Build.0 = Debug|Any CPU
		{56AB9854-56BF-4B64-AA09-9DB2F04D39C4}.Release|Any CPU.ActiveCfg = Release|Any CPU
		{56AB9854-56BF-4B64-AA09-9DB2F04D39C4}.Release|Any CPU.Build.0 = Release|Any CPU
		{7D937CB9-1483-4F2D-80F4-E7010A6E9276}.Debug|Any CPU.ActiveCfg = Debug|Any CPU
		{7D937CB9-1483-4F2D-80F4-E7010A6E9276}.Debug|Any CPU.Build.0 = Debug|Any CPU
		{7D937CB9-1483-4F2D-80F4-E7010A6E9276}.Release|Any CPU.ActiveCfg = Release|Any CPU
		{7D937CB9-1483-4F2D-80F4-E7010A6E9276}.Release|Any CPU.Build.0 = Release|Any CPU
		{01B7E72A-B0F5-4FB2-AB17-57201265D441}.Debug|Any CPU.ActiveCfg = Debug|Any CPU
		{01B7E72A-B0F5-4FB2-AB17-57201265D441}.Debug|Any CPU.Build.0 = Debug|Any CPU
		{01B7E72A-B0F5-4FB2-AB17-57201265D441}.Release|Any CPU.ActiveCfg = Release|Any CPU
		{01B7E72A-B0F5-4FB2-AB17-57201265D441}.Release|Any CPU.Build.0 = Release|Any CPU
		{BBCEC310-7371-4DCF-9B26-10F1C1DB3998}.Debug|Any CPU.ActiveCfg = Debug|Any CPU
		{BBCEC310-7371-4DCF-9B26-10F1C1DB3998}.Debug|Any CPU.Build.0 = Debug|Any CPU
		{BBCEC310-7371-4DCF-9B26-10F1C1DB3998}.Release|Any CPU.ActiveCfg = Release|Any CPU
		{BBCEC310-7371-4DCF-9B26-10F1C1DB3998}.Release|Any CPU.Build.0 = Release|Any CPU
		{2948A776-AD69-44B7-99A1-2D17571A6AD2}.Debug|Any CPU.ActiveCfg = Debug|Any CPU
		{2948A776-AD69-44B7-99A1-2D17571A6AD2}.Debug|Any CPU.Build.0 = Debug|Any CPU
		{2948A776-AD69-44B7-99A1-2D17571A6AD2}.Release|Any CPU.ActiveCfg = Release|Any CPU
		{2948A776-AD69-44B7-99A1-2D17571A6AD2}.Release|Any CPU.Build.0 = Release|Any CPU
	EndGlobalSection
	GlobalSection(SolutionProperties) = preSolution
		HideSolutionNode = FALSE
	EndGlobalSection
	GlobalSection(ExtensibilityGlobals) = postSolution
		SolutionGuid = {E07276A2-4E21-4723-8723-EFFFCE73B769}
	EndGlobalSection
EndGlobal
